// !$*UTF8*$!
{
	archiveVersion = 1;
	classes = {
	};
	objectVersion = 48;
	objects = {

/* Begin PBXBuildFile section */
		A4A1A480205BA37E0060354A /* AppDelegate.m in Sources */ = {isa = PBXBuildFile; fileRef = A4A1A47F205BA37E0060354A /* AppDelegate.m */; };
		A4A1A488205BA37E0060354A /* Assets.xcassets in Resources */ = {isa = PBXBuildFile; fileRef = A4A1A487205BA37E0060354A /* Assets.xcassets */; };
		A4A1A48E205BA37E0060354A /* main.m in Sources */ = {isa = PBXBuildFile; fileRef = A4A1A48D205BA37E0060354A /* main.m */; };
		A4A1A498205BA37E0060354A /* MyFirstAITests.m in Sources */ = {isa = PBXBuildFile; fileRef = A4A1A497205BA37E0060354A /* MyFirstAITests.m */; };
		A4A1A4A3205BA37E0060354A /* MyFirstAIUITests.m in Sources */ = {isa = PBXBuildFile; fileRef = A4A1A4A2205BA37E0060354A /* MyFirstAIUITests.m */; };
		A4A1A4B3205BA4240060354A /* MyFirstAiViewController.m in Sources */ = {isa = PBXBuildFile; fileRef = A4A1A4B2205BA4240060354A /* MyFirstAiViewController.m */; };
		A4A1A4BF205BA69A0060354A /* AipBase.framework in Frameworks */ = {isa = PBXBuildFile; fileRef = A4A1A4BC205BA6990060354A /* AipBase.framework */; };
		A4A1A4C0205BA69A0060354A /* IdcardQuality.framework in Frameworks */ = {isa = PBXBuildFile; fileRef = A4A1A4BD205BA69A0060354A /* IdcardQuality.framework */; };
		A4A1A4C1205BA69A0060354A /* AipOcrSdk.framework in Frameworks */ = {isa = PBXBuildFile; fileRef = A4A1A4BE205BA69A0060354A /* AipOcrSdk.framework */; };
		A4A1A517205BAC5B0060354A /* AipBase.framework in Frameworks */ = {isa = PBXBuildFile; fileRef = A4A1A4BC205BA6990060354A /* AipBase.framework */; };
		A4A1A518205BAC5B0060354A /* AipBase.framework in Embed Frameworks */ = {isa = PBXBuildFile; fileRef = A4A1A4BC205BA6990060354A /* AipBase.framework */; settings = {ATTRIBUTES = (CodeSignOnCopy, RemoveHeadersOnCopy, ); }; };
		A4A1A51A205BAC5E0060354A /* AipOcrSdk.framework in Frameworks */ = {isa = PBXBuildFile; fileRef = A4A1A4BE205BA69A0060354A /* AipOcrSdk.framework */; };
		A4A1A51B205BAC5E0060354A /* AipOcrSdk.framework in Embed Frameworks */ = {isa = PBXBuildFile; fileRef = A4A1A4BE205BA69A0060354A /* AipOcrSdk.framework */; settings = {ATTRIBUTES = (CodeSignOnCopy, RemoveHeadersOnCopy, ); }; };
		A4A1A51C205BAC610060354A /* IdcardQuality.framework in Frameworks */ = {isa = PBXBuildFile; fileRef = A4A1A4BD205BA69A0060354A /* IdcardQuality.framework */; };
		A4A1A51D205BAC610060354A /* IdcardQuality.framework in Embed Frameworks */ = {isa = PBXBuildFile; fileRef = A4A1A4BD205BA69A0060354A /* IdcardQuality.framework */; settings = {ATTRIBUTES = (CodeSignOnCopy, RemoveHeadersOnCopy, ); }; };
/* End PBXBuildFile section */

/* Begin PBXContainerItemProxy section */
		A4A1A494205BA37E0060354A /* PBXContainerItemProxy */ = {
			isa = PBXContainerItemProxy;
			containerPortal = A4A1A473205BA37E0060354A /* Project object */;
			proxyType = 1;
			remoteGlobalIDString = A4A1A47A205BA37E0060354A;
			remoteInfo = MyFirstAI;
		};
		A4A1A49F205BA37E0060354A /* PBXContainerItemProxy */ = {
			isa = PBXContainerItemProxy;
			containerPortal = A4A1A473205BA37E0060354A /* Project object */;
			proxyType = 1;
			remoteGlobalIDString = A4A1A47A205BA37E0060354A;
			remoteInfo = MyFirstAI;
		};
/* End PBXContainerItemProxy section */

/* Begin PBXCopyFilesBuildPhase section */
		A4A1A519205BAC5B0060354A /* Embed Frameworks */ = {
			isa = PBXCopyFilesBuildPhase;
			buildActionMask = 2147483647;
			dstPath = "";
			dstSubfolderSpec = 10;
			files = (
				A4A1A518205BAC5B0060354A /* AipBase.framework in Embed Frameworks */,
				A4A1A51B205BAC5E0060354A /* AipOcrSdk.framework in Embed Frameworks */,
				A4A1A51D205BAC610060354A /* IdcardQuality.framework in Embed Frameworks */,
			);
			name = "Embed Frameworks";
			runOnlyForDeploymentPostprocessing = 0;
		};
/* End PBXCopyFilesBuildPhase section */

/* Begin PBXFileReference section */
		A4A1A47B205BA37E0060354A /* MyFirstAI.app */ = {isa = PBXFileReference; explicitFileType = wrapper.application; includeInIndex = 0; path = MyFirstAI.app; sourceTree = BUILT_PRODUCTS_DIR; };
		A4A1A47E205BA37E0060354A /* AppDelegate.h */ = {isa = PBXFileReference; lastKnownFileType = sourcecode.c.h; path = AppDelegate.h; sourceTree = "<group>"; };
		A4A1A47F205BA37E0060354A /* AppDelegate.m */ = {isa = PBXFileReference; lastKnownFileType = sourcecode.c.objc; path = AppDelegate.m; sourceTree = "<group>"; };
		A4A1A487205BA37E0060354A /* Assets.xcassets */ = {isa = PBXFileReference; lastKnownFileType = folder.assetcatalog; path = Assets.xcassets; sourceTree = "<group>"; };
		A4A1A48C205BA37E0060354A /* Info.plist */ = {isa = PBXFileReference; lastKnownFileType = text.plist.xml; path = Info.plist; sourceTree = "<group>"; };
		A4A1A48D205BA37E0060354A /* main.m */ = {isa = PBXFileReference; lastKnownFileType = sourcecode.c.objc; path = main.m; sourceTree = "<group>"; };
		A4A1A493205BA37E0060354A /* MyFirstAITests.xctest */ = {isa = PBXFileReference; explicitFileType = wrapper.cfbundle; includeInIndex = 0; path = MyFirstAITests.xctest; sourceTree = BUILT_PRODUCTS_DIR; };
		A4A1A497205BA37E0060354A /* MyFirstAITests.m */ = {isa = PBXFileReference; lastKnownFileType = sourcecode.c.objc; path = MyFirstAITests.m; sourceTree = "<group>"; };
		A4A1A499205BA37E0060354A /* Info.plist */ = {isa = PBXFileReference; lastKnownFileType = text.plist.xml; path = Info.plist; sourceTree = "<group>"; };
		A4A1A49E205BA37E0060354A /* MyFirstAIUITests.xctest */ = {isa = PBXFileReference; explicitFileType = wrapper.cfbundle; includeInIndex = 0; path = MyFirstAIUITests.xctest; sourceTree = BUILT_PRODUCTS_DIR; };
		A4A1A4A2205BA37E0060354A /* MyFirstAIUITests.m */ = {isa = PBXFileReference; lastKnownFileType = sourcecode.c.objc; path = MyFirstAIUITests.m; sourceTree = "<group>"; };
		A4A1A4A4205BA37E0060354A /* Info.plist */ = {isa = PBXFileReference; lastKnownFileType = text.plist.xml; path = Info.plist; sourceTree = "<group>"; };
		A4A1A4B1205BA4240060354A /* MyFirstAiViewController.h */ = {isa = PBXFileReference; lastKnownFileType = sourcecode.c.h; path = MyFirstAiViewController.h; sourceTree = "<group>"; };
		A4A1A4B2205BA4240060354A /* MyFirstAiViewController.m */ = {isa = PBXFileReference; lastKnownFileType = sourcecode.c.objc; path = MyFirstAiViewController.m; sourceTree = "<group>"; };
		A4A1A4B5205BA6210060354A /* AipOcrSdk.framework */ = {isa = PBXFileReference; lastKnownFileType = wrapper.framework; name = AipOcrSdk.framework; path = "../../aip-ocr-ios-sdk-3/lib/AipOcrSdk.framework"; sourceTree = "<group>"; };
		A4A1A4B6205BA6210060354A /* AipBase.framework */ = {isa = PBXFileReference; lastKnownFileType = wrapper.framework; name = AipBase.framework; path = "../../aip-ocr-ios-sdk-3/lib/AipBase.framework"; sourceTree = "<group>"; };
		A4A1A4B7205BA6210060354A /* IdcardQuality.framework */ = {isa = PBXFileReference; lastKnownFileType = wrapper.framework; name = IdcardQuality.framework; path = "../../aip-ocr-ios-sdk-3/lib/IdcardQuality.framework"; sourceTree = "<group>"; };
		A4A1A4BC205BA6990060354A /* AipBase.framework */ = {isa = PBXFileReference; lastKnownFileType = wrapper.framework; path = AipBase.framework; sourceTree = "<group>"; };
		A4A1A4BD205BA69A0060354A /* IdcardQuality.framework */ = {isa = PBXFileReference; lastKnownFileType = wrapper.framework; path = IdcardQuality.framework; sourceTree = "<group>"; };
		A4A1A4BE205BA69A0060354A /* AipOcrSdk.framework */ = {isa = PBXFileReference; lastKnownFileType = wrapper.framework; path = AipOcrSdk.framework; sourceTree = "<group>"; };
/* End PBXFileReference section */

/* Begin PBXFrameworksBuildPhase section */
		A4A1A478205BA37E0060354A /* Frameworks */ = {
			isa = PBXFrameworksBuildPhase;
			buildActionMask = 2147483647;
			files = (
				A4A1A4BF205BA69A0060354A /* AipBase.framework in Frameworks */,
				A4A1A51A205BAC5E0060354A /* AipOcrSdk.framework in Frameworks */,
				A4A1A4C0205BA69A0060354A /* IdcardQuality.framework in Frameworks */,
				A4A1A517205BAC5B0060354A /* AipBase.framework in Frameworks */,
				A4A1A4C1205BA69A0060354A /* AipOcrSdk.framework in Frameworks */,
				A4A1A51C205BAC610060354A /* IdcardQuality.framework in Frameworks */,
			);
			runOnlyForDeploymentPostprocessing = 0;
		};
		A4A1A490205BA37E0060354A /* Frameworks */ = {
			isa = PBXFrameworksBuildPhase;
			buildActionMask = 2147483647;
			files = (
			);
			runOnlyForDeploymentPostprocessing = 0;
		};
		A4A1A49B205BA37E0060354A /* Frameworks */ = {
			isa = PBXFrameworksBuildPhase;
			buildActionMask = 2147483647;
			files = (
			);
			runOnlyForDeploymentPostprocessing = 0;
		};
/* End PBXFrameworksBuildPhase section */

/* Begin PBXGroup section */
		A4A1A472205BA37E0060354A = {
			isa = PBXGroup;
			children = (
				A4A1A47D205BA37E0060354A /* MyFirstAI */,
				A4A1A487205BA37E0060354A /* Assets.xcassets */,
				A4A1A48D205BA37E0060354A /* main.m */,
				A4A1A496205BA37E0060354A /* MyFirstAITests */,
				A4A1A4A1205BA37E0060354A /* MyFirstAIUITests */,
				A4A1A47C205BA37E0060354A /* Products */,
				A4A1A4B4205BA6200060354A /* Frameworks */,
			);
			sourceTree = "<group>";
		};
		A4A1A47C205BA37E0060354A /* Products */ = {
			isa = PBXGroup;
			children = (
				A4A1A47B205BA37E0060354A /* MyFirstAI.app */,
				A4A1A493205BA37E0060354A /* MyFirstAITests.xctest */,
				A4A1A49E205BA37E0060354A /* MyFirstAIUITests.xctest */,
			);
			name = Products;
			sourceTree = "<group>";
		};
		A4A1A47D205BA37E0060354A /* MyFirstAI */ = {
			isa = PBXGroup;
			children = (
				A4A1A4B1205BA4240060354A /* MyFirstAiViewController.h */,
				A4A1A4B2205BA4240060354A /* MyFirstAiViewController.m */,
				A4A1A48C205BA37E0060354A /* Info.plist */,
				A4A1A4BB205BA68A0060354A /* AIframeworks */,
				A4A1A4B0205BA3CA0060354A /* Support File */,
			);
			path = MyFirstAI;
			sourceTree = "<group>";
		};
		A4A1A496205BA37E0060354A /* MyFirstAITests */ = {
			isa = PBXGroup;
			children = (
				A4A1A497205BA37E0060354A /* MyFirstAITests.m */,
				A4A1A499205BA37E0060354A /* Info.plist */,
			);
			path = MyFirstAITests;
			sourceTree = "<group>";
		};
		A4A1A4A1205BA37E0060354A /* MyFirstAIUITests */ = {
			isa = PBXGroup;
			children = (
				A4A1A4A2205BA37E0060354A /* MyFirstAIUITests.m */,
				A4A1A4A4205BA37E0060354A /* Info.plist */,
			);
			path = MyFirstAIUITests;
			sourceTree = "<group>";
		};
		A4A1A4B0205BA3CA0060354A /* Support File */ = {
			isa = PBXGroup;
			children = (
				A4A1A47E205BA37E0060354A /* AppDelegate.h */,
				A4A1A47F205BA37E0060354A /* AppDelegate.m */,
			);
			path = "Support File";
			sourceTree = "<group>";
		};
		A4A1A4B4205BA6200060354A /* Frameworks */ = {
			isa = PBXGroup;
			children = (
				A4A1A4B6205BA6210060354A /* AipBase.framework */,
				A4A1A4B5205BA6210060354A /* AipOcrSdk.framework */,
				A4A1A4B7205BA6210060354A /* IdcardQuality.framework */,
			);
			name = Frameworks;
			sourceTree = "<group>";
		};
		A4A1A4BB205BA68A0060354A /* AIframeworks */ = {
			isa = PBXGroup;
			children = (
				A4A1A4BC205BA6990060354A /* AipBase.framework */,
				A4A1A4BE205BA69A0060354A /* AipOcrSdk.framework */,
				A4A1A4BD205BA69A0060354A /* IdcardQuality.framework */,
			);
			path = AIframeworks;
			sourceTree = "<group>";
		};
/* End PBXGroup section */

/* Begin PBXNativeTarget section */
		A4A1A47A205BA37E0060354A /* MyFirstAI */ = {
			isa = PBXNativeTarget;
			buildConfigurationList = A4A1A4A7205BA37E0060354A /* Build configuration list for PBXNativeTarget "MyFirstAI" */;
			buildPhases = (
				A4A1A477205BA37E0060354A /* Sources */,
				A4A1A478205BA37E0060354A /* Frameworks */,
				A4A1A479205BA37E0060354A /* Resources */,
				A4A1A519205BAC5B0060354A /* Embed Frameworks */,
			);
			buildRules = (
			);
			dependencies = (
			);
			name = MyFirstAI;
			productName = MyFirstAI;
			productReference = A4A1A47B205BA37E0060354A /* MyFirstAI.app */;
			productType = "com.apple.product-type.application";
		};
		A4A1A492205BA37E0060354A /* MyFirstAITests */ = {
			isa = PBXNativeTarget;
			buildConfigurationList = A4A1A4AA205BA37E0060354A /* Build configuration list for PBXNativeTarget "MyFirstAITests" */;
			buildPhases = (
				A4A1A48F205BA37E0060354A /* Sources */,
				A4A1A490205BA37E0060354A /* Frameworks */,
				A4A1A491205BA37E0060354A /* Resources */,
			);
			buildRules = (
			);
			dependencies = (
				A4A1A495205BA37E0060354A /* PBXTargetDependency */,
			);
			name = MyFirstAITests;
			productName = MyFirstAITests;
			productReference = A4A1A493205BA37E0060354A /* MyFirstAITests.xctest */;
			productType = "com.apple.product-type.bundle.unit-test";
		};
		A4A1A49D205BA37E0060354A /* MyFirstAIUITests */ = {
			isa = PBXNativeTarget;
			buildConfigurationList = A4A1A4AD205BA37E0060354A /* Build configuration list for PBXNativeTarget "MyFirstAIUITests" */;
			buildPhases = (
				A4A1A49A205BA37E0060354A /* Sources */,
				A4A1A49B205BA37E0060354A /* Frameworks */,
				A4A1A49C205BA37E0060354A /* Resources */,
			);
			buildRules = (
			);
			dependencies = (
				A4A1A4A0205BA37E0060354A /* PBXTargetDependency */,
			);
			name = MyFirstAIUITests;
			productName = MyFirstAIUITests;
			productReference = A4A1A49E205BA37E0060354A /* MyFirstAIUITests.xctest */;
			productType = "com.apple.product-type.bundle.ui-testing";
		};
/* End PBXNativeTarget section */

/* Begin PBXProject section */
		A4A1A473205BA37E0060354A /* Project object */ = {
			isa = PBXProject;
			attributes = {
				LastUpgradeCheck = 0920;
				ORGANIZATIONNAME = caoji;
				TargetAttributes = {
					A4A1A47A205BA37E0060354A = {
						CreatedOnToolsVersion = 9.2;
						ProvisioningStyle = Automatic;
					};
					A4A1A492205BA37E0060354A = {
						CreatedOnToolsVersion = 9.2;
						ProvisioningStyle = Automatic;
						TestTargetID = A4A1A47A205BA37E0060354A;
					};
					A4A1A49D205BA37E0060354A = {
						CreatedOnToolsVersion = 9.2;
						ProvisioningStyle = Automatic;
						TestTargetID = A4A1A47A205BA37E0060354A;
					};
				};
			};
			buildConfigurationList = A4A1A476205BA37E0060354A /* Build configuration list for PBXProject "MyFirstAI" */;
			compatibilityVersion = "Xcode 8.0";
			developmentRegion = en;
			hasScannedForEncodings = 0;
			knownRegions = (
				en,
				Base,
			);
			mainGroup = A4A1A472205BA37E0060354A;
			productRefGroup = A4A1A47C205BA37E0060354A /* Products */;
			projectDirPath = "";
			projectRoot = "";
			targets = (
				A4A1A47A205BA37E0060354A /* MyFirstAI */,
				A4A1A492205BA37E0060354A /* MyFirstAITests */,
				A4A1A49D205BA37E0060354A /* MyFirstAIUITests */,
			);
		};
/* End PBXProject section */

/* Begin PBXResourcesBuildPhase section */
		A4A1A479205BA37E0060354A /* Resources */ = {
			isa = PBXResourcesBuildPhase;
			buildActionMask = 2147483647;
			files = (
				A4A1A488205BA37E0060354A /* Assets.xcassets in Resources */,
			);
			runOnlyForDeploymentPostprocessing = 0;
		};
		A4A1A491205BA37E0060354A /* Resources */ = {
			isa = PBXResourcesBuildPhase;
			buildActionMask = 2147483647;
			files = (
			);
			runOnlyForDeploymentPostprocessing = 0;
		};
		A4A1A49C205BA37E0060354A /* Resources */ = {
			isa = PBXResourcesBuildPhase;
			buildActionMask = 2147483647;
			files = (
			);
			runOnlyForDeploymentPostprocessing = 0;
		};
/* End PBXResourcesBuildPhase section */

/* Begin PBXSourcesBuildPhase section */
		A4A1A477205BA37E0060354A /* Sources */ = {
			isa = PBXSourcesBuildPhase;
			buildActionMask = 2147483647;
			files = (
				A4A1A48E205BA37E0060354A /* main.m in Sources */,
				A4A1A480205BA37E0060354A /* AppDelegate.m in Sources */,
				A4A1A4B3205BA4240060354A /* MyFirstAiViewController.m in Sources */,
			);
			runOnlyForDeploymentPostprocessing = 0;
		};
		A4A1A48F205BA37E0060354A /* Sources */ = {
			isa = PBXSourcesBuildPhase;
			buildActionMask = 2147483647;
			files = (
				A4A1A498205BA37E0060354A /* MyFirstAITests.m in Sources */,
			);
			runOnlyForDeploymentPostprocessing = 0;
		};
		A4A1A49A205BA37E0060354A /* Sources */ = {
			isa = PBXSourcesBuildPhase;
			buildActionMask = 2147483647;
			files = (
				A4A1A4A3205BA37E0060354A /* MyFirstAIUITests.m in Sources */,
			);
			runOnlyForDeploymentPostprocessing = 0;
		};
/* End PBXSourcesBuildPhase section */

/* Begin PBXTargetDependency section */
		A4A1A495205BA37E0060354A /* PBXTargetDependency */ = {
			isa = PBXTargetDependency;
			target = A4A1A47A205BA37E0060354A /* MyFirstAI */;
			targetProxy = A4A1A494205BA37E0060354A /* PBXContainerItemProxy */;
		};
		A4A1A4A0205BA37E0060354A /* PBXTargetDependency */ = {
			isa = PBXTargetDependency;
			target = A4A1A47A205BA37E0060354A /* MyFirstAI */;
			targetProxy = A4A1A49F205BA37E0060354A /* PBXContainerItemProxy */;
		};
/* End PBXTargetDependency section */

/* Begin XCBuildConfiguration section */
		A4A1A4A5205BA37E0060354A /* Debug */ = {
			isa = XCBuildConfiguration;
			buildSettings = {
				ALWAYS_SEARCH_USER_PATHS = NO;
				CLANG_ANALYZER_NONNULL = YES;
				CLANG_ANALYZER_NUMBER_OBJECT_CONVERSION = YES_AGGRESSIVE;
				CLANG_CXX_LANGUAGE_STANDARD = "gnu++14";
				CLANG_CXX_LIBRARY = "libc++";
				CLANG_ENABLE_MODULES = YES;
				CLANG_ENABLE_OBJC_ARC = YES;
				CLANG_WARN_BLOCK_CAPTURE_AUTORELEASING = YES;
				CLANG_WARN_BOOL_CONVERSION = YES;
				CLANG_WARN_COMMA = YES;
				CLANG_WARN_CONSTANT_CONVERSION = YES;
				CLANG_WARN_DIRECT_OBJC_ISA_USAGE = YES_ERROR;
				CLANG_WARN_DOCUMENTATION_COMMENTS = YES;
				CLANG_WARN_EMPTY_BODY = YES;
				CLANG_WARN_ENUM_CONVERSION = YES;
				CLANG_WARN_INFINITE_RECURSION = YES;
				CLANG_WARN_INT_CONVERSION = YES;
				CLANG_WARN_NON_LITERAL_NULL_CONVERSION = YES;
				CLANG_WARN_OBJC_LITERAL_CONVERSION = YES;
				CLANG_WARN_OBJC_ROOT_CLASS = YES_ERROR;
				CLANG_WARN_RANGE_LOOP_ANALYSIS = YES;
				CLANG_WARN_STRICT_PROTOTYPES = YES;
				CLANG_WARN_SUSPICIOUS_MOVE = YES;
				CLANG_WARN_UNGUARDED_AVAILABILITY = YES_AGGRESSIVE;
				CLANG_WARN_UNREACHABLE_CODE = YES;
				CLANG_WARN__DUPLICATE_METHOD_MATCH = YES;
				CODE_SIGN_IDENTITY = "iPhone Developer";
				COPY_PHASE_STRIP = NO;
				DEBUG_INFORMATION_FORMAT = dwarf;
				ENABLE_STRICT_OBJC_MSGSEND = YES;
				ENABLE_TESTABILITY = YES;
				GCC_C_LANGUAGE_STANDARD = gnu11;
				GCC_DYNAMIC_NO_PIC = NO;
				GCC_NO_COMMON_BLOCKS = YES;
				GCC_OPTIMIZATION_LEVEL = 0;
				GCC_PREPROCESSOR_DEFINITIONS = (
					"DEBUG=1",
					"$(inherited)",
				);
				GCC_WARN_64_TO_32_BIT_CONVERSION = YES;
				GCC_WARN_ABOUT_RETURN_TYPE = YES_ERROR;
				GCC_WARN_UNDECLARED_SELECTOR = YES;
				GCC_WARN_UNINITIALIZED_AUTOS = YES_AGGRESSIVE;
				GCC_WARN_UNUSED_FUNCTION = YES;
				GCC_WARN_UNUSED_VARIABLE = YES;
				IPHONEOS_DEPLOYMENT_TARGET = 11.2;
				MTL_ENABLE_DEBUG_INFO = YES;
				ONLY_ACTIVE_ARCH = YES;
				SDKROOT = iphoneos;
			};
			name = Debug;
		};
		A4A1A4A6205BA37E0060354A /* Release */ = {
			isa = XCBuildConfiguration;
			buildSettings = {
				ALWAYS_SEARCH_USER_PATHS = NO;
				CLANG_ANALYZER_NONNULL = YES;
				CLANG_ANALYZER_NUMBER_OBJECT_CONVERSION = YES_AGGRESSIVE;
				CLANG_CXX_LANGUAGE_STANDARD = "gnu++14";
				CLANG_CXX_LIBRARY = "libc++";
				CLANG_ENABLE_MODULES = YES;
				CLANG_ENABLE_OBJC_ARC = YES;
				CLANG_WARN_BLOCK_CAPTURE_AUTORELEASING = YES;
				CLANG_WARN_BOOL_CONVERSION = YES;
				CLANG_WARN_COMMA = YES;
				CLANG_WARN_CONSTANT_CONVERSION = YES;
				CLANG_WARN_DIRECT_OBJC_ISA_USAGE = YES_ERROR;
				CLANG_WARN_DOCUMENTATION_COMMENTS = YES;
				CLANG_WARN_EMPTY_BODY = YES;
				CLANG_WARN_ENUM_CONVERSION = YES;
				CLANG_WARN_INFINITE_RECURSION = YES;
				CLANG_WARN_INT_CONVERSION = YES;
				CLANG_WARN_NON_LITERAL_NULL_CONVERSION = YES;
				CLANG_WARN_OBJC_LITERAL_CONVERSION = YES;
				CLANG_WARN_OBJC_ROOT_CLASS = YES_ERROR;
				CLANG_WARN_RANGE_LOOP_ANALYSIS = YES;
				CLANG_WARN_STRICT_PROTOTYPES = YES;
				CLANG_WARN_SUSPICIOUS_MOVE = YES;
				CLANG_WARN_UNGUARDED_AVAILABILITY = YES_AGGRESSIVE;
				CLANG_WARN_UNREACHABLE_CODE = YES;
				CLANG_WARN__DUPLICATE_METHOD_MATCH = YES;
				CODE_SIGN_IDENTITY = "iPhone Developer";
				COPY_PHASE_STRIP = NO;
				DEBUG_INFORMATION_FORMAT = "dwarf-with-dsym";
				ENABLE_NS_ASSERTIONS = NO;
				ENABLE_STRICT_OBJC_MSGSEND = YES;
				GCC_C_LANGUAGE_STANDARD = gnu11;
				GCC_NO_COMMON_BLOCKS = YES;
				GCC_WARN_64_TO_32_BIT_CONVERSION = YES;
				GCC_WARN_ABOUT_RETURN_TYPE = YES_ERROR;
				GCC_WARN_UNDECLARED_SELECTOR = YES;
				GCC_WARN_UNINITIALIZED_AUTOS = YES_AGGRESSIVE;
				GCC_WARN_UNUSED_FUNCTION = YES;
				GCC_WARN_UNUSED_VARIABLE = YES;
				IPHONEOS_DEPLOYMENT_TARGET = 11.2;
				MTL_ENABLE_DEBUG_INFO = NO;
				SDKROOT = iphoneos;
				VALIDATE_PRODUCT = YES;
			};
			name = Release;
		};
		A4A1A4A8205BA37E0060354A /* Debug */ = {
			isa = XCBuildConfiguration;
			buildSettings = {
				ASSETCATALOG_COMPILER_APPICON_NAME = AppIcon;
				CODE_SIGN_STYLE = Automatic;
				DEVELOPMENT_TEAM = YU9B9Q59KM;
				FRAMEWORK_SEARCH_PATHS = (
					"$(inherited)",
					"$(PROJECT_DIR)/MyFirstAI/AIframeworks",
				);
				INFOPLIST_FILE = MyFirstAI/Info.plist;
				LD_RUNPATH_SEARCH_PATHS = "$(inherited) @executable_path/Frameworks";
				PRODUCT_BUNDLE_IDENTIFIER = com.delete.MyFirstAI;
				PRODUCT_NAME = "$(TARGET_NAME)";
				TARGETED_DEVICE_FAMILY = "1,2";
			};
			name = Debug;
		};
		A4A1A4A9205BA37E0060354A /* Release */ = {
			isa = XCBuildConfiguration;
			buildSettings = {
				ASSETCATALOG_COMPILER_APPICON_NAME = AppIcon;
				CODE_SIGN_STYLE = Automatic;
				DEVELOPMENT_TEAM = YU9B9Q59KM;
				FRAMEWORK_SEARCH_PATHS = (
					"$(inherited)",
					"$(PROJECT_DIR)/MyFirstAI/AIframeworks",
				);
				INFOPLIST_FILE = MyFirstAI/Info.plist;
				LD_RUNPATH_SEARCH_PATHS = "$(inherited) @executable_path/Frameworks";
				PRODUCT_BUNDLE_IDENTIFIER = com.delete.MyFirstAI;
				PRODUCT_NAME = "$(TARGET_NAME)";
				TARGETED_DEVICE_FAMILY = "1,2";
			};
			name = Release;
		};
		A4A1A4AB205BA37E0060354A /* Debug */ = {
			isa = XCBuildConfiguration;
			buildSettings = {
				BUNDLE_LOADER = "$(TEST_HOST)";
				CODE_SIGN_STYLE = Automatic;
				INFOPLIST_FILE = MyFirstAITests/Info.plist;
				LD_RUNPATH_SEARCH_PATHS = "$(inherited) @executable_path/Frameworks @loader_path/Frameworks";
				PRODUCT_BUNDLE_IDENTIFIER = com.delete.MyFirstAITests;
				PRODUCT_NAME = "$(TARGET_NAME)";
				TARGETED_DEVICE_FAMILY = "1,2";
				TEST_HOST = "$(BUILT_PRODUCTS_DIR)/MyFirstAI.app/MyFirstAI";
			};
			name = Debug;
		};
		A4A1A4AC205BA37E0060354A /* Release */ = {
			isa = XCBuildConfiguration;
			buildSettings = {
				BUNDLE_LOADER = "$(TEST_HOST)";
				CODE_SIGN_STYLE = Automatic;
				INFOPLIST_FILE = MyFirstAITests/Info.plist;
				LD_RUNPATH_SEARCH_PATHS = "$(inherited) @executable_path/Frameworks @loader_path/Frameworks";
				PRODUCT_BUNDLE_IDENTIFIER = com.delete.MyFirstAITests;
				PRODUCT_NAME = "$(TARGET_NAME)";
				TARGETED_DEVICE_FAMILY = "1,2";
				TEST_HOST = "$(BUILT_PRODUCTS_DIR)/MyFirstAI.app/MyFirstAI";
			};
			name = Release;
		};
		A4A1A4AE205BA37E0060354A /* Debug */ = {
			isa = XCBuildConfiguration;
			buildSettings = {
				CODE_SIGN_STYLE = Automatic;
				INFOPLIST_FILE = MyFirstAIUITests/Info.plist;
				LD_RUNPATH_SEARCH_PATHS = "$(inherited) @executable_path/Frameworks @loader_path/Frameworks";
				PRODUCT_BUNDLE_IDENTIFIER = com.delete.MyFirstAIUITests;
				PRODUCT_NAME = "$(TARGET_NAME)";
				TARGETED_DEVICE_FAMILY = "1,2";
				TEST_TARGET_NAME = MyFirstAI;
			};
			name = Debug;
		};
		A4A1A4AF205BA37E0060354A /* Release */ = {
			isa = XCBuildConfiguration;
			buildSettings = {
				CODE_SIGN_STYLE = Automatic;
				INFOPLIST_FILE = MyFirstAIUITests/Info.plist;
				LD_RUNPATH_SEARCH_PATHS = "$(inherited) @executable_path/Frameworks @loader_path/Frameworks";
				PRODUCT_BUNDLE_IDENTIFIER = com.delete.MyFirstAIUITests;
				PRODUCT_NAME = "$(TARGET_NAME)";
				TARGETED_DEVICE_FAMILY = "1,2";
				TEST_TARGET_NAME = MyFirstAI;
			};
			name = Release;
		};
/* End XCBuildConfiguration section */

/* Begin XCConfigurationList section */
		A4A1A476205BA37E0060354A /* Build configuration list for PBXProject "MyFirstAI" */ = {
			isa = XCConfigurationList;
			buildConfigurations = (
				A4A1A4A5205BA37E0060354A /* Debug */,
				A4A1A4A6205BA37E0060354A /* Release */,
			);
			defaultConfigurationIsVisible = 0;
			defaultConfigurationName = Release;
		};
		A4A1A4A7205BA37E0060354A /* Build configuration list for PBXNativeTarget "MyFirstAI" */ = {
			isa = XCConfigurationList;
			buildConfigurations = (
				A4A1A4A8205BA37E0060354A /* Debug */,
				A4A1A4A9205BA37E0060354A /* Release */,
			);
			defaultConfigurationIsVisible = 0;
			defaultConfigurationName = Release;
		};
		A4A1A4AA205BA37E0060354A /* Build configuration list for PBXNativeTarget "MyFirstAITests" */ = {
			isa = XCConfigurationList;
			buildConfigurations = (
				A4A1A4AB205BA37E0060354A /* Debug */,
				A4A1A4AC205BA37E0060354A /* Release */,
			);
			defaultConfigurationIsVisible = 0;
			defaultConfigurationName = Release;
		};
		A4A1A4AD205BA37E0060354A /* Build configuration list for PBXNativeTarget "MyFirstAIUITests" */ = {
			isa = XCConfigurationList;
			buildConfigurations = (
				A4A1A4AE205BA37E0060354A /* Debug */,
				A4A1A4AF205BA37E0060354A /* Release */,
			);
			defaultConfigurationIsVisible = 0;
			defaultConfigurationName = Release;
		};
/* End XCConfigurationList section */
	};
	rootObject = A4A1A473205BA37E0060354A /* Project object */;
}
